
Microsoft Visual Studio Solution File, Format Version 12.00
# Visual Studio Version 17
VisualStudioVersion = 17.10.34916.146
MinimumVisualStudioVersion = 10.0.40219.1
Project("{FAE04EC0-301F-11D3-BF4B-00C04F79EFBC}") = "BibliotekaWeb", "BibliotekaWeb.csproj", "{24EF9937-9490-4E4C-AA3D-551CDF476447}"
EndProject
Global
	GlobalSection(SolutionConfigurationPlatforms) = preSolution
		Debug|Any CPU = Debug|Any CPU
		Release|Any CPU = Release|Any CPU
	EndGlobalSection
	GlobalSection(ProjectConfigurationPlatforms) = postSolution
		{24EF9937-9490-4E4C-AA3D-551CDF476447}.Debug|Any CPU.ActiveCfg = Debug|Any CPU
		{24EF9937-9490-4E4C-AA3D-551CDF476447}.Debug|Any CPU.Build.0 = Debug|Any CPU
		{24EF9937-9490-4E4C-AA3D-551CDF476447}.Release|Any CPU.ActiveCfg = Release|Any CPU
		{24EF9937-9490-4E4C-AA3D-551CDF476447}.Release|Any CPU.Build.0 = Release|Any CPU
	EndGlobalSection
	GlobalSection(SolutionProperties) = preSolution
		HideSolutionNode = FALSE
	EndGlobalSection
	GlobalSection(ExtensibilityGlobals) = postSolution
		SolutionGuid = {DA2B7E69-22AC-445D-BCB0-CC10AFE011E8}
	EndGlobalSection
EndGlobal
